
Microsoft Visual Studio Solution File, Format Version 12.00
# Visual Studio Version 17
VisualStudioVersion = 17.6.33815.320
MinimumVisualStudioVersion = 10.0.40219.1
Project("{FAE04EC0-301F-11D3-BF4B-00C04F79EFBC}") = "XL2DT.WindowsFormsApp1", "XL2DT.WindowsFormsApp1\XL2DT.WindowsFormsApp1.csproj", "{0E82A13D-9C78-4F45-84AA-8CAF1029DE16}"
EndProject
Global
	GlobalSection(SolutionConfigurationPlatforms) = preSolution
		Debug|Any CPU = Debug|Any CPU
		Release|Any CPU = Release|Any CPU
	EndGlobalSection
	GlobalSection(ProjectConfigurationPlatforms) = postSolution
		{0E82A13D-9C78-4F45-84AA-8CAF1029DE16}.Debug|Any CPU.ActiveCfg = Debug|Any CPU
		{0E82A13D-9C78-4F45-84AA-8CAF1029DE16}.Debug|Any CPU.Build.0 = Debug|Any CPU
		{0E82A13D-9C78-4F45-84AA-8CAF1029DE16}.Release|Any CPU.ActiveCfg = Release|Any CPU
		{0E82A13D-9C78-4F45-84AA-8CAF1029DE16}.Release|Any CPU.Build.0 = Release|Any CPU
	EndGlobalSection
	GlobalSection(SolutionProperties) = preSolution
		HideSolutionNode = FALSE
	EndGlobalSection
	GlobalSection(ExtensibilityGlobals) = postSolution
		SolutionGuid = {38ACDADF-0038-4552-B088-B909AC4483C7}
	EndGlobalSection
EndGlobal
